
Microsoft Visual Studio Solution File, Format Version 12.00
# Visual Studio Version 16
VisualStudioVersion = 16.0.30413.136
MinimumVisualStudioVersion = 10.0.40219.1
Project("{FAE04EC0-301F-11D3-BF4B-00C04F79EFBC}") = "DesignPatterns", "DesignPatterns\DesignPatterns.csproj", "{C2477984-5FA3-4842-9CDE-0E74F363D87D}"
EndProject
Global
	GlobalSection(SolutionConfigurationPlatforms) = preSolution
		Debug|Any CPU = Debug|Any CPU
		Release|Any CPU = Release|Any CPU
	EndGlobalSection
	GlobalSection(ProjectConfigurationPlatforms) = postSolution
		{C2477984-5FA3-4842-9CDE-0E74F363D87D}.Debug|Any CPU.ActiveCfg = Debug|Any CPU
		{C2477984-5FA3-4842-9CDE-0E74F363D87D}.Debug|Any CPU.Build.0 = Debug|Any CPU
		{C2477984-5FA3-4842-9CDE-0E74F363D87D}.Release|Any CPU.ActiveCfg = Release|Any CPU
		{C2477984-5FA3-4842-9CDE-0E74F363D87D}.Release|Any CPU.Build.0 = Release|Any CPU
	EndGlobalSection
	GlobalSection(SolutionProperties) = preSolution
		HideSolutionNode = FALSE
	EndGlobalSection
	GlobalSection(ExtensibilityGlobals) = postSolution
		SolutionGuid = {A2AE28A3-3CFF-4DF5-995E-C83320CA366D}
	EndGlobalSection
EndGlobal
